
Microsoft Visual Studio Solution File, Format Version 12.00
# Visual Studio Version 17
VisualStudioVersion = 17.0.31903.59
MinimumVisualStudioVersion = 10.0.40219.1
Project("{2150E333-8FDC-42A3-9474-1A3956D46DE8}") = "src", "src", "{827E0CD3-B72D-47B6-A68D-7590B98EB39B}"
EndProject
Project("{FAE04EC0-301F-11D3-BF4B-00C04F79EFBC}") = "Dispatchly.Abstractions", "src\Dispatchly.Abstractions\Dispatchly.Abstractions.csproj", "{E9E2A906-E840-4124-B2D6-1963BFE085AC}"
EndProject
Project("{FAE04EC0-301F-11D3-BF4B-00C04F79EFBC}") = "Dispatchly.Core", "src\Dispatchly.Core\Dispatchly.Core.csproj", "{D08175FE-2AF8-4655-A94B-65F2B0A02E3A}"
EndProject
Project("{FAE04EC0-301F-11D3-BF4B-00C04F79EFBC}") = "Dispatchly.DependencyInjection.Reflection", "src\Dispatchly.DependencyInjection.Reflection\Dispatchly.DependencyInjection.Reflection.csproj", "{721AE4DB-00E0-4387-AFDB-E68BCE7A07DA}"
EndProject
Project("{FAE04EC0-301F-11D3-BF4B-00C04F79EFBC}") = "Dispatchly.DependencyInjection", "src\Dispatchly.DependencyInjection\Dispatchly.DependencyInjection.csproj", "{7FC05B00-59E2-4E7A-A926-EFF91BF671E5}"
EndProject
Project("{FAE04EC0-301F-11D3-BF4B-00C04F79EFBC}") = "Dispatchly.SourceGenerators", "src\Dispatchly.SourceGenerators\Dispatchly.SourceGenerators.csproj", "{D9C51C6F-0986-4E16-81B6-F7EE7C362421}"
EndProject
Project("{FAE04EC0-301F-11D3-BF4B-00C04F79EFBC}") = "Dispatchly.Transport.InMemory", "src\Dispatchly.Transport.InMemory\Dispatchly.Transport.InMemory.csproj", "{F9A245A4-AEE0-4E95-90E9-69F9702FFFFF}"
EndProject
Project("{FAE04EC0-301F-11D3-BF4B-00C04F79EFBC}") = "Dispatchly.Transport.PostgreSql", "src\Dispatchly.Transport.PostgreSql\Dispatchly.Transport.PostgreSql.csproj", "{6959D7A4-FEC2-4CE8-B059-8A12E0D698B7}"
EndProject
Project("{2150E333-8FDC-42A3-9474-1A3956D46DE8}") = "test", "test", "{0C88DD14-F956-CE84-757C-A364CCF449FC}"
EndProject
Project("{FAE04EC0-301F-11D3-BF4B-00C04F79EFBC}") = "Dispatchly.Core.Tests", "test\Dispatchly.Core.Tests\Dispatchly.Core.Tests.csproj", "{EF682A79-2202-4B42-B9DC-11A3F12815F8}"
EndProject
Project("{FAE04EC0-301F-11D3-BF4B-00C04F79EFBC}") = "Dispatchly.DependencyInjection.Reflection.Tests", "test\Dispatchly.DependencyInjection.Reflection.Tests\Dispatchly.DependencyInjection.Reflection.Tests.csproj", "{347652CA-8603-42E6-96B5-A36F87A085C3}"
EndProject
Project("{FAE04EC0-301F-11D3-BF4B-00C04F79EFBC}") = "Dispatchly.DependencyInjection.Tests", "test\Dispatchly.DependencyInjection.Tests\Dispatchly.DependencyInjection.Tests.csproj", "{7A2B4285-F020-442F-BD27-F89193A9B970}"
EndProject
Project("{FAE04EC0-301F-11D3-BF4B-00C04F79EFBC}") = "Dispatchly.SourceGenerators.Tests", "test\Dispatchly.SourceGenerators.Tests\Dispatchly.SourceGenerators.Tests.csproj", "{4860D70A-B8AE-4B43-800B-80DB723E0655}"
EndProject
Project("{FAE04EC0-301F-11D3-BF4B-00C04F79EFBC}") = "Dispatchly.Transport.InMemory.Tests", "test\Dispatchly.Transport.InMemory.Tests\Dispatchly.Transport.InMemory.Tests.csproj", "{64DF54A6-2614-4E17-9F41-037B5C3EFB75}"
EndProject
Project("{FAE04EC0-301F-11D3-BF4B-00C04F79EFBC}") = "Dispatchly.Transport.PostgreSql.Tests", "test\Dispatchly.Transport.PostgreSql.Tests\Dispatchly.Transport.PostgreSql.Tests.csproj", "{80BC5343-682A-4341-8FDF-E0DCFFB95DBC}"
EndProject
Project("{2150E333-8FDC-42A3-9474-1A3956D46DE8}") = "samples", "samples", "{5D20AA90-6969-D8BD-9DCD-8634F4692FDA}"
EndProject
Project("{FAE04EC0-301F-11D3-BF4B-00C04F79EFBC}") = "Registration.Manual", "samples\Registration.Manual\Registration.Manual.csproj", "{33658156-C00B-498B-9A4B-A5E97329D5EB}"
EndProject
Project("{FAE04EC0-301F-11D3-BF4B-00C04F79EFBC}") = "Registration.Reflection", "samples\Registration.Reflection\Registration.Reflection.csproj", "{EC53977D-DA1C-4164-820A-26840F370077}"
EndProject
Project("{FAE04EC0-301F-11D3-BF4B-00C04F79EFBC}") = "Registration.Scanning", "samples\Registration.Scanning\Registration.Scanning.csproj", "{0E8B1AA8-028F-42B3-A160-8353AE947E30}"
EndProject
Project("{FAE04EC0-301F-11D3-BF4B-00C04F79EFBC}") = "Registration.SourceGenerator", "samples\Registration.SourceGenerator\Registration.SourceGenerator.csproj", "{696C4C17-4994-41B4-9C41-1F78E6F1E50E}"
EndProject
Project("{FAE04EC0-301F-11D3-BF4B-00C04F79EFBC}") = "Transport.InMemory", "samples\Transport.InMemory\Transport.InMemory.csproj", "{B68E47E0-8DC7-4E4F-AFAC-8066BA456546}"
EndProject
Project("{FAE04EC0-301F-11D3-BF4B-00C04F79EFBC}") = "Transport.PostgreSql", "samples\Transport.PostgreSql\Transport.PostgreSql.csproj", "{3CC7C103-C156-4F87-839B-144055A6F5EC}"
EndProject
Project("{2150E333-8FDC-42A3-9474-1A3956D46DE8}") = "Aspire", "Aspire", "{7C4E2A18-6B5D-4F0A-9E11-2D8F0B6C4A91}"
EndProject
Project("{FAE04EC0-301F-11D3-BF4B-00C04F79EFBC}") = "Contracts", "samples\Aspire\Contracts\Contracts.csproj", "{68E8DC4B-9320-4424-B622-5DB802901794}"
EndProject
Project("{FAE04EC0-301F-11D3-BF4B-00C04F79EFBC}") = "Checkout", "samples\Aspire\Checkout\Checkout.csproj", "{3CB79E1F-0C50-47ED-8A56-086153478898}"
EndProject
Project("{FAE04EC0-301F-11D3-BF4B-00C04F79EFBC}") = "Shipping", "samples\Aspire\Shipping\Shipping.csproj", "{CD57081B-1248-44DE-8188-872FBC9C8783}"
EndProject
Project("{FAE04EC0-301F-11D3-BF4B-00C04F79EFBC}") = "AppHost", "samples\Aspire\AppHost\AppHost.csproj", "{CCC8D1BF-C9B1-43B4-88C2-9A25F6D7721A}"
EndProject
Project("{FAE04EC0-301F-11D3-BF4B-00C04F79EFBC}") = "Dispatchly.Transport.SqlServer", "src\Dispatchly.Transport.SqlServer\Dispatchly.Transport.SqlServer.csproj", "{CBA7F6E9-3BE9-4FD9-BF6F-E78664A1D60D}"
EndProject
Project("{FAE04EC0-301F-11D3-BF4B-00C04F79EFBC}") = "Dispatchly.Transport.SqlServer.Tests", "test\Dispatchly.Transport.SqlServer.Tests\Dispatchly.Transport.SqlServer.Tests.csproj", "{60C3998C-E54F-4F86-8C8A-B507B0B00C8A}"
EndProject
Project("{FAE04EC0-301F-11D3-BF4B-00C04F79EFBC}") = "Transport.SqlServer", "samples\Transport.SqlServer\Transport.SqlServer.csproj", "{68AACD48-412E-4548-9731-7FEFAAE5BE92}"
EndProject
Global
	GlobalSection(SolutionConfigurationPlatforms) = preSolution
		Debug|Any CPU = Debug|Any CPU
		Debug|x64 = Debug|x64
		Debug|x86 = Debug|x86
		Release|Any CPU = Release|Any CPU
		Release|x64 = Release|x64
		Release|x86 = Release|x86
	EndGlobalSection
	GlobalSection(ProjectConfigurationPlatforms) = postSolution
		{E9E2A906-E840-4124-B2D6-1963BFE085AC}.Debug|Any CPU.ActiveCfg = Debug|Any CPU
		{E9E2A906-E840-4124-B2D6-1963BFE085AC}.Debug|Any CPU.Build.0 = Debug|Any CPU
		{E9E2A906-E840-4124-B2D6-1963BFE085AC}.Debug|x64.ActiveCfg = Debug|Any CPU
		{E9E2A906-E840-4124-B2D6-1963BFE085AC}.Debug|x64.Build.0 = Debug|Any CPU
		{E9E2A906-E840-4124-B2D6-1963BFE085AC}.Debug|x86.ActiveCfg = Debug|Any CPU
		{E9E2A906-E840-4124-B2D6-1963BFE085AC}.Debug|x86.Build.0 = Debug|Any CPU
		{E9E2A906-E840-4124-B2D6-1963BFE085AC}.Release|Any CPU.ActiveCfg = Release|Any CPU
		{E9E2A906-E840-4124-B2D6-1963BFE085AC}.Release|Any CPU.Build.0 = Release|Any CPU
		{E9E2A906-E840-4124-B2D6-1963BFE085AC}.Release|x64.ActiveCfg = Release|Any CPU
		{E9E2A906-E840-4124-B2D6-1963BFE085AC}.Release|x64.Build.0 = Release|Any CPU
		{E9E2A906-E840-4124-B2D6-1963BFE085AC}.Release|x86.ActiveCfg = Release|Any CPU
		{E9E2A906-E840-4124-B2D6-1963BFE085AC}.Release|x86.Build.0 = Release|Any CPU
		{D08175FE-2AF8-4655-A94B-65F2B0A02E3A}.Debug|Any CPU.ActiveCfg = Debug|Any CPU
		{D08175FE-2AF8-4655-A94B-65F2B0A02E3A}.Debug|Any CPU.Build.0 = Debug|Any CPU
		{D08175FE-2AF8-4655-A94B-65F2B0A02E3A}.Debug|x64.ActiveCfg = Debug|Any CPU
		{D08175FE-2AF8-4655-A94B-65F2B0A02E3A}.Debug|x64.Build.0 = Debug|Any CPU
		{D08175FE-2AF8-4655-A94B-65F2B0A02E3A}.Debug|x86.ActiveCfg = Debug|Any CPU
		{D08175FE-2AF8-4655-A94B-65F2B0A02E3A}.Debug|x86.Build.0 = Debug|Any CPU
		{D08175FE-2AF8-4655-A94B-65F2B0A02E3A}.Release|Any CPU.ActiveCfg = Release|Any CPU
		{D08175FE-2AF8-4655-A94B-65F2B0A02E3A}.Release|Any CPU.Build.0 = Release|Any CPU
		{D08175FE-2AF8-4655-A94B-65F2B0A02E3A}.Release|x64.ActiveCfg = Release|Any CPU
		{D08175FE-2AF8-4655-A94B-65F2B0A02E3A}.Release|x64.Build.0 = Release|Any CPU
		{D08175FE-2AF8-4655-A94B-65F2B0A02E3A}.Release|x86.ActiveCfg = Release|Any CPU
		{D08175FE-2AF8-4655-A94B-65F2B0A02E3A}.Release|x86.Build.0 = Release|Any CPU
		{721AE4DB-00E0-4387-AFDB-E68BCE7A07DA}.Debug|Any CPU.ActiveCfg = Debug|Any CPU
		{721AE4DB-00E0-4387-AFDB-E68BCE7A07DA}.Debug|Any CPU.Build.0 = Debug|Any CPU
		{721AE4DB-00E0-4387-AFDB-E68BCE7A07DA}.Debug|x64.ActiveCfg = Debug|Any CPU
		{721AE4DB-00E0-4387-AFDB-E68BCE7A07DA}.Debug|x64.Build.0 = Debug|Any CPU
		{721AE4DB-00E0-4387-AFDB-E68BCE7A07DA}.Debug|x86.ActiveCfg = Debug|Any CPU
		{721AE4DB-00E0-4387-AFDB-E68BCE7A07DA}.Debug|x86.Build.0 = Debug|Any CPU
		{721AE4DB-00E0-4387-AFDB-E68BCE7A07DA}.Release|Any CPU.ActiveCfg = Release|Any CPU
		{721AE4DB-00E0-4387-AFDB-E68BCE7A07DA}.Release|Any CPU.Build.0 = Release|Any CPU
		{721AE4DB-00E0-4387-AFDB-E68BCE7A07DA}.Release|x64.ActiveCfg = Release|Any CPU
		{721AE4DB-00E0-4387-AFDB-E68BCE7A07DA}.Release|x64.Build.0 = Release|Any CPU
		{721AE4DB-00E0-4387-AFDB-E68BCE7A07DA}.Release|x86.ActiveCfg = Release|Any CPU
		{721AE4DB-00E0-4387-AFDB-E68BCE7A07DA}.Release|x86.Build.0 = Release|Any CPU
		{7FC05B00-59E2-4E7A-A926-EFF91BF671E5}.Debug|Any CPU.ActiveCfg = Debug|Any CPU
		{7FC05B00-59E2-4E7A-A926-EFF91BF671E5}.Debug|Any CPU.Build.0 = Debug|Any CPU
		{7FC05B00-59E2-4E7A-A926-EFF91BF671E5}.Debug|x64.ActiveCfg = Debug|Any CPU
		{7FC05B00-59E2-4E7A-A926-EFF91BF671E5}.Debug|x64.Build.0 = Debug|Any CPU
		{7FC05B00-59E2-4E7A-A926-EFF91BF671E5}.Debug|x86.ActiveCfg = Debug|Any CPU
		{7FC05B00-59E2-4E7A-A926-EFF91BF671E5}.Debug|x86.Build.0 = Debug|Any CPU
		{7FC05B00-59E2-4E7A-A926-EFF91BF671E5}.Release|Any CPU.ActiveCfg = Release|Any CPU
		{7FC05B00-59E2-4E7A-A926-EFF91BF671E5}.Release|Any CPU.Build.0 = Release|Any CPU
		{7FC05B00-59E2-4E7A-A926-EFF91BF671E5}.Release|x64.ActiveCfg = Release|Any CPU
		{7FC05B00-59E2-4E7A-A926-EFF91BF671E5}.Release|x64.Build.0 = Release|Any CPU
		{7FC05B00-59E2-4E7A-A926-EFF91BF671E5}.Release|x86.ActiveCfg = Release|Any CPU
		{7FC05B00-59E2-4E7A-A926-EFF91BF671E5}.Release|x86.Build.0 = Release|Any CPU
		{D9C51C6F-0986-4E16-81B6-F7EE7C362421}.Debug|Any CPU.ActiveCfg = Debug|Any CPU
		{D9C51C6F-0986-4E16-81B6-F7EE7C362421}.Debug|Any CPU.Build.0 = Debug|Any CPU
		{D9C51C6F-0986-4E16-81B6-F7EE7C362421}.Debug|x64.ActiveCfg = Debug|Any CPU
		{D9C51C6F-0986-4E16-81B6-F7EE7C362421}.Debug|x64.Build.0 = Debug|Any CPU
		{D9C51C6F-0986-4E16-81B6-F7EE7C362421}.Debug|x86.ActiveCfg = Debug|Any CPU
		{D9C51C6F-0986-4E16-81B6-F7EE7C362421}.Debug|x86.Build.0 = Debug|Any CPU
		{D9C51C6F-0986-4E16-81B6-F7EE7C362421}.Release|Any CPU.ActiveCfg = Release|Any CPU
		{D9C51C6F-0986-4E16-81B6-F7EE7C362421}.Release|Any CPU.Build.0 = Release|Any CPU
		{D9C51C6F-0986-4E16-81B6-F7EE7C362421}.Release|x64.ActiveCfg = Release|Any CPU
		{D9C51C6F-0986-4E16-81B6-F7EE7C362421}.Release|x64.Build.0 = Release|Any CPU
		{D9C51C6F-0986-4E16-81B6-F7EE7C362421}.Release|x86.ActiveCfg = Release|Any CPU
		{D9C51C6F-0986-4E16-81B6-F7EE7C362421}.Release|x86.Build.0 = Release|Any CPU
		{F9A245A4-AEE0-4E95-90E9-69F9702FFFFF}.Debug|Any CPU.ActiveCfg = Debug|Any CPU
		{F9A245A4-AEE0-4E95-90E9-69F9702FFFFF}.Debug|Any CPU.Build.0 = Debug|Any CPU
		{F9A245A4-AEE0-4E95-90E9-69F9702FFFFF}.Debug|x64.ActiveCfg = Debug|Any CPU
		{F9A245A4-AEE0-4E95-90E9-69F9702FFFFF}.Debug|x64.Build.0 = Debug|Any CPU
		{F9A245A4-AEE0-4E95-90E9-69F9702FFFFF}.Debug|x86.ActiveCfg = Debug|Any CPU
		{F9A245A4-AEE0-4E95-90E9-69F9702FFFFF}.Debug|x86.Build.0 = Debug|Any CPU
		{F9A245A4-AEE0-4E95-90E9-69F9702FFFFF}.Release|Any CPU.ActiveCfg = Release|Any CPU
		{F9A245A4-AEE0-4E95-90E9-69F9702FFFFF}.Release|Any CPU.Build.0 = Release|Any CPU
		{F9A245A4-AEE0-4E95-90E9-69F9702FFFFF}.Release|x64.ActiveCfg = Release|Any CPU
		{F9A245A4-AEE0-4E95-90E9-69F9702FFFFF}.Release|x64.Build.0 = Release|Any CPU
		{F9A245A4-AEE0-4E95-90E9-69F9702FFFFF}.Release|x86.ActiveCfg = Release|Any CPU
		{F9A245A4-AEE0-4E95-90E9-69F9702FFFFF}.Release|x86.Build.0 = Release|Any CPU
		{6959D7A4-FEC2-4CE8-B059-8A12E0D698B7}.Debug|Any CPU.ActiveCfg = Debug|Any CPU
		{6959D7A4-FEC2-4CE8-B059-8A12E0D698B7}.Debug|Any CPU.Build.0 = Debug|Any CPU
		{6959D7A4-FEC2-4CE8-B059-8A12E0D698B7}.Debug|x64.ActiveCfg = Debug|Any CPU
		{6959D7A4-FEC2-4CE8-B059-8A12E0D698B7}.Debug|x64.Build.0 = Debug|Any CPU
		{6959D7A4-FEC2-4CE8-B059-8A12E0D698B7}.Debug|x86.ActiveCfg = Debug|Any CPU
		{6959D7A4-FEC2-4CE8-B059-8A12E0D698B7}.Debug|x86.Build.0 = Debug|Any CPU
		{6959D7A4-FEC2-4CE8-B059-8A12E0D698B7}.Release|Any CPU.ActiveCfg = Release|Any CPU
		{6959D7A4-FEC2-4CE8-B059-8A12E0D698B7}.Release|Any CPU.Build.0 = Release|Any CPU
		{6959D7A4-FEC2-4CE8-B059-8A12E0D698B7}.Release|x64.ActiveCfg = Release|Any CPU
		{6959D7A4-FEC2-4CE8-B059-8A12E0D698B7}.Release|x64.Build.0 = Release|Any CPU
		{6959D7A4-FEC2-4CE8-B059-8A12E0D698B7}.Release|x86.ActiveCfg = Release|Any CPU
		{6959D7A4-FEC2-4CE8-B059-8A12E0D698B7}.Release|x86.Build.0 = Release|Any CPU
		{EF682A79-2202-4B42-B9DC-11A3F12815F8}.Debug|Any CPU.ActiveCfg = Debug|Any CPU
		{EF682A79-2202-4B42-B9DC-11A3F12815F8}.Debug|Any CPU.Build.0 = Debug|Any CPU
		{EF682A79-2202-4B42-B9DC-11A3F12815F8}.Debug|x64.ActiveCfg = Debug|Any CPU
		{EF682A79-2202-4B42-B9DC-11A3F12815F8}.Debug|x64.Build.0 = Debug|Any CPU
		{EF682A79-2202-4B42-B9DC-11A3F12815F8}.Debug|x86.ActiveCfg = Debug|Any CPU
		{EF682A79-2202-4B42-B9DC-11A3F12815F8}.Debug|x86.Build.0 = Debug|Any CPU
		{EF682A79-2202-4B42-B9DC-11A3F12815F8}.Release|Any CPU.ActiveCfg = Release|Any CPU
		{EF682A79-2202-4B42-B9DC-11A3F12815F8}.Release|Any CPU.Build.0 = Release|Any CPU
		{EF682A79-2202-4B42-B9DC-11A3F12815F8}.Release|x64.ActiveCfg = Release|Any CPU
		{EF682A79-2202-4B42-B9DC-11A3F12815F8}.Release|x64.Build.0 = Release|Any CPU
		{EF682A79-2202-4B42-B9DC-11A3F12815F8}.Release|x86.ActiveCfg = Release|Any CPU
		{EF682A79-2202-4B42-B9DC-11A3F12815F8}.Release|x86.Build.0 = Release|Any CPU
		{347652CA-8603-42E6-96B5-A36F87A085C3}.Debug|Any CPU.ActiveCfg = Debug|Any CPU
		{347652CA-8603-42E6-96B5-A36F87A085C3}.Debug|Any CPU.Build.0 = Debug|Any CPU
		{347652CA-8603-42E6-96B5-A36F87A085C3}.Debug|x64.ActiveCfg = Debug|Any CPU
		{347652CA-8603-42E6-96B5-A36F87A085C3}.Debug|x64.Build.0 = Debug|Any CPU
		{347652CA-8603-42E6-96B5-A36F87A085C3}.Debug|x86.ActiveCfg = Debug|Any CPU
		{347652CA-8603-42E6-96B5-A36F87A085C3}.Debug|x86.Build.0 = Debug|Any CPU
		{347652CA-8603-42E6-96B5-A36F87A085C3}.Release|Any CPU.ActiveCfg = Release|Any CPU
		{347652CA-8603-42E6-96B5-A36F87A085C3}.Release|Any CPU.Build.0 = Release|Any CPU
		{347652CA-8603-42E6-96B5-A36F87A085C3}.Release|x64.ActiveCfg = Release|Any CPU
		{347652CA-8603-42E6-96B5-A36F87A085C3}.Release|x64.Build.0 = Release|Any CPU
		{347652CA-8603-42E6-96B5-A36F87A085C3}.Release|x86.ActiveCfg = Release|Any CPU
		{347652CA-8603-42E6-96B5-A36F87A085C3}.Release|x86.Build.0 = Release|Any CPU
		{7A2B4285-F020-442F-BD27-F89193A9B970}.Debug|Any CPU.ActiveCfg = Debug|Any CPU
		{7A2B4285-F020-442F-BD27-F89193A9B970}.Debug|Any CPU.Build.0 = Debug|Any CPU
		{7A2B4285-F020-442F-BD27-F89193A9B970}.Debug|x64.ActiveCfg = Debug|Any CPU
		{7A2B4285-F020-442F-BD27-F89193A9B970}.Debug|x64.Build.0 = Debug|Any CPU
		{7A2B4285-F020-442F-BD27-F89193A9B970}.Debug|x86.ActiveCfg = Debug|Any CPU
		{7A2B4285-F020-442F-BD27-F89193A9B970}.Debug|x86.Build.0 = Debug|Any CPU
		{7A2B4285-F020-442F-BD27-F89193A9B970}.Release|Any CPU.ActiveCfg = Release|Any CPU
		{7A2B4285-F020-442F-BD27-F89193A9B970}.Release|Any CPU.Build.0 = Release|Any CPU
		{7A2B4285-F020-442F-BD27-F89193A9B970}.Release|x64.ActiveCfg = Release|Any CPU
		{7A2B4285-F020-442F-BD27-F89193A9B970}.Release|x64.Build.0 = Release|Any CPU
		{7A2B4285-F020-442F-BD27-F89193A9B970}.Release|x86.ActiveCfg = Release|Any CPU
		{7A2B4285-F020-442F-BD27-F89193A9B970}.Release|x86.Build.0 = Release|Any CPU
		{4860D70A-B8AE-4B43-800B-80DB723E0655}.Debug|Any CPU.ActiveCfg = Debug|Any CPU
		{4860D70A-B8AE-4B43-800B-80DB723E0655}.Debug|Any CPU.Build.0 = Debug|Any CPU
		{4860D70A-B8AE-4B43-800B-80DB723E0655}.Debug|x64.ActiveCfg = Debug|Any CPU
		{4860D70A-B8AE-4B43-800B-80DB723E0655}.Debug|x64.Build.0 = Debug|Any CPU
		{4860D70A-B8AE-4B43-800B-80DB723E0655}.Debug|x86.ActiveCfg = Debug|Any CPU
		{4860D70A-B8AE-4B43-800B-80DB723E0655}.Debug|x86.Build.0 = Debug|Any CPU
		{4860D70A-B8AE-4B43-800B-80DB723E0655}.Release|Any CPU.ActiveCfg = Release|Any CPU
		{4860D70A-B8AE-4B43-800B-80DB723E0655}.Release|Any CPU.Build.0 = Release|Any CPU
		{4860D70A-B8AE-4B43-800B-80DB723E0655}.Release|x64.ActiveCfg = Release|Any CPU
		{4860D70A-B8AE-4B43-800B-80DB723E0655}.Release|x64.Build.0 = Release|Any CPU
		{4860D70A-B8AE-4B43-800B-80DB723E0655}.Release|x86.ActiveCfg = Release|Any CPU
		{4860D70A-B8AE-4B43-800B-80DB723E0655}.Release|x86.Build.0 = Release|Any CPU
		{64DF54A6-2614-4E17-9F41-037B5C3EFB75}.Debug|Any CPU.ActiveCfg = Debug|Any CPU
		{64DF54A6-2614-4E17-9F41-037B5C3EFB75}.Debug|Any CPU.Build.0 = Debug|Any CPU
		{64DF54A6-2614-4E17-9F41-037B5C3EFB75}.Debug|x64.ActiveCfg = Debug|Any CPU
		{64DF54A6-2614-4E17-9F41-037B5C3EFB75}.Debug|x64.Build.0 = Debug|Any CPU
		{64DF54A6-2614-4E17-9F41-037B5C3EFB75}.Debug|x86.ActiveCfg = Debug|Any CPU
		{64DF54A6-2614-4E17-9F41-037B5C3EFB75}.Debug|x86.Build.0 = Debug|Any CPU
		{64DF54A6-2614-4E17-9F41-037B5C3EFB75}.Release|Any CPU.ActiveCfg = Release|Any CPU
		{64DF54A6-2614-4E17-9F41-037B5C3EFB75}.Release|Any CPU.Build.0 = Release|Any CPU
		{64DF54A6-2614-4E17-9F41-037B5C3EFB75}.Release|x64.ActiveCfg = Release|Any CPU
		{64DF54A6-2614-4E17-9F41-037B5C3EFB75}.Release|x64.Build.0 = Release|Any CPU
		{64DF54A6-2614-4E17-9F41-037B5C3EFB75}.Release|x86.ActiveCfg = Release|Any CPU
		{64DF54A6-2614-4E17-9F41-037B5C3EFB75}.Release|x86.Build.0 = Release|Any CPU
		{80BC5343-682A-4341-8FDF-E0DCFFB95DBC}.Debug|Any CPU.ActiveCfg = Debug|Any CPU
		{80BC5343-682A-4341-8FDF-E0DCFFB95DBC}.Debug|Any CPU.Build.0 = Debug|Any CPU
		{80BC5343-682A-4341-8FDF-E0DCFFB95DBC}.Debug|x64.ActiveCfg = Debug|Any CPU
		{80BC5343-682A-4341-8FDF-E0DCFFB95DBC}.Debug|x64.Build.0 = Debug|Any CPU
		{80BC5343-682A-4341-8FDF-E0DCFFB95DBC}.Debug|x86.ActiveCfg = Debug|Any CPU
		{80BC5343-682A-4341-8FDF-E0DCFFB95DBC}.Debug|x86.Build.0 = Debug|Any CPU
		{80BC5343-682A-4341-8FDF-E0DCFFB95DBC}.Release|Any CPU.ActiveCfg = Release|Any CPU
		{80BC5343-682A-4341-8FDF-E0DCFFB95DBC}.Release|Any CPU.Build.0 = Release|Any CPU
		{80BC5343-682A-4341-8FDF-E0DCFFB95DBC}.Release|x64.ActiveCfg = Release|Any CPU
		{80BC5343-682A-4341-8FDF-E0DCFFB95DBC}.Release|x64.Build.0 = Release|Any CPU
		{80BC5343-682A-4341-8FDF-E0DCFFB95DBC}.Release|x86.ActiveCfg = Release|Any CPU
		{80BC5343-682A-4341-8FDF-E0DCFFB95DBC}.Release|x86.Build.0 = Release|Any CPU
		{33658156-C00B-498B-9A4B-A5E97329D5EB}.Debug|Any CPU.ActiveCfg = Debug|Any CPU
		{33658156-C00B-498B-9A4B-A5E97329D5EB}.Debug|Any CPU.Build.0 = Debug|Any CPU
		{33658156-C00B-498B-9A4B-A5E97329D5EB}.Debug|x64.ActiveCfg = Debug|Any CPU
		{33658156-C00B-498B-9A4B-A5E97329D5EB}.Debug|x64.Build.0 = Debug|Any CPU
		{33658156-C00B-498B-9A4B-A5E97329D5EB}.Debug|x86.ActiveCfg = Debug|Any CPU
		{33658156-C00B-498B-9A4B-A5E97329D5EB}.Debug|x86.Build.0 = Debug|Any CPU
		{33658156-C00B-498B-9A4B-A5E97329D5EB}.Release|Any CPU.ActiveCfg = Release|Any CPU
		{33658156-C00B-498B-9A4B-A5E97329D5EB}.Release|Any CPU.Build.0 = Release|Any CPU
		{33658156-C00B-498B-9A4B-A5E97329D5EB}.Release|x64.ActiveCfg = Release|Any CPU
		{33658156-C00B-498B-9A4B-A5E97329D5EB}.Release|x64.Build.0 = Release|Any CPU
		{33658156-C00B-498B-9A4B-A5E97329D5EB}.Release|x86.ActiveCfg = Release|Any CPU
		{33658156-C00B-498B-9A4B-A5E97329D5EB}.Release|x86.Build.0 = Release|Any CPU
		{EC53977D-DA1C-4164-820A-26840F370077}.Debug|Any CPU.ActiveCfg = Debug|Any CPU
		{EC53977D-DA1C-4164-820A-26840F370077}.Debug|Any CPU.Build.0 = Debug|Any CPU
		{EC53977D-DA1C-4164-820A-26840F370077}.Debug|x64.ActiveCfg = Debug|Any CPU
		{EC53977D-DA1C-4164-820A-26840F370077}.Debug|x64.Build.0 = Debug|Any CPU
		{EC53977D-DA1C-4164-820A-26840F370077}.Debug|x86.ActiveCfg = Debug|Any CPU
		{EC53977D-DA1C-4164-820A-26840F370077}.Debug|x86.Build.0 = Debug|Any CPU
		{EC53977D-DA1C-4164-820A-26840F370077}.Release|Any CPU.ActiveCfg = Release|Any CPU
		{EC53977D-DA1C-4164-820A-26840F370077}.Release|Any CPU.Build.0 = Release|Any CPU
		{EC53977D-DA1C-4164-820A-26840F370077}.Release|x64.ActiveCfg = Release|Any CPU
		{EC53977D-DA1C-4164-820A-26840F370077}.Release|x64.Build.0 = Release|Any CPU
		{EC53977D-DA1C-4164-820A-26840F370077}.Release|x86.ActiveCfg = Release|Any CPU
		{EC53977D-DA1C-4164-820A-26840F370077}.Release|x86.Build.0 = Release|Any CPU
		{0E8B1AA8-028F-42B3-A160-8353AE947E30}.Debug|Any CPU.ActiveCfg = Debug|Any CPU
		{0E8B1AA8-028F-42B3-A160-8353AE947E30}.Debug|Any CPU.Build.0 = Debug|Any CPU
		{0E8B1AA8-028F-42B3-A160-8353AE947E30}.Debug|x64.ActiveCfg = Debug|Any CPU
		{0E8B1AA8-028F-42B3-A160-8353AE947E30}.Debug|x64.Build.0 = Debug|Any CPU
		{0E8B1AA8-028F-42B3-A160-8353AE947E30}.Debug|x86.ActiveCfg = Debug|Any CPU
		{0E8B1AA8-028F-42B3-A160-8353AE947E30}.Debug|x86.Build.0 = Debug|Any CPU
		{0E8B1AA8-028F-42B3-A160-8353AE947E30}.Release|Any CPU.ActiveCfg = Release|Any CPU
		{0E8B1AA8-028F-42B3-A160-8353AE947E30}.Release|Any CPU.Build.0 = Release|Any CPU
		{0E8B1AA8-028F-42B3-A160-8353AE947E30}.Release|x64.ActiveCfg = Release|Any CPU
		{0E8B1AA8-028F-42B3-A160-8353AE947E30}.Release|x64.Build.0 = Release|Any CPU
		{0E8B1AA8-028F-42B3-A160-8353AE947E30}.Release|x86.ActiveCfg = Release|Any CPU
		{0E8B1AA8-028F-42B3-A160-8353AE947E30}.Release|x86.Build.0 = Release|Any CPU
		{696C4C17-4994-41B4-9C41-1F78E6F1E50E}.Debug|Any CPU.ActiveCfg = Debug|Any CPU
		{696C4C17-4994-41B4-9C41-1F78E6F1E50E}.Debug|Any CPU.Build.0 = Debug|Any CPU
		{696C4C17-4994-41B4-9C41-1F78E6F1E50E}.Debug|x64.ActiveCfg = Debug|Any CPU
		{696C4C17-4994-41B4-9C41-1F78E6F1E50E}.Debug|x64.Build.0 = Debug|Any CPU
		{696C4C17-4994-41B4-9C41-1F78E6F1E50E}.Debug|x86.ActiveCfg = Debug|Any CPU
		{696C4C17-4994-41B4-9C41-1F78E6F1E50E}.Debug|x86.Build.0 = Debug|Any CPU
		{696C4C17-4994-41B4-9C41-1F78E6F1E50E}.Release|Any CPU.ActiveCfg = Release|Any CPU
		{696C4C17-4994-41B4-9C41-1F78E6F1E50E}.Release|Any CPU.Build.0 = Release|Any CPU
		{696C4C17-4994-41B4-9C41-1F78E6F1E50E}.Release|x64.ActiveCfg = Release|Any CPU
		{696C4C17-4994-41B4-9C41-1F78E6F1E50E}.Release|x64.Build.0 = Release|Any CPU
		{696C4C17-4994-41B4-9C41-1F78E6F1E50E}.Release|x86.ActiveCfg = Release|Any CPU
		{696C4C17-4994-41B4-9C41-1F78E6F1E50E}.Release|x86.Build.0 = Release|Any CPU
		{B68E47E0-8DC7-4E4F-AFAC-8066BA456546}.Debug|Any CPU.ActiveCfg = Debug|Any CPU
		{B68E47E0-8DC7-4E4F-AFAC-8066BA456546}.Debug|Any CPU.Build.0 = Debug|Any CPU
		{B68E47E0-8DC7-4E4F-AFAC-8066BA456546}.Debug|x64.ActiveCfg = Debug|Any CPU
		{B68E47E0-8DC7-4E4F-AFAC-8066BA456546}.Debug|x64.Build.0 = Debug|Any CPU
		{B68E47E0-8DC7-4E4F-AFAC-8066BA456546}.Debug|x86.ActiveCfg = Debug|Any CPU
		{B68E47E0-8DC7-4E4F-AFAC-8066BA456546}.Debug|x86.Build.0 = Debug|Any CPU
		{B68E47E0-8DC7-4E4F-AFAC-8066BA456546}.Release|Any CPU.ActiveCfg = Release|Any CPU
		{B68E47E0-8DC7-4E4F-AFAC-8066BA456546}.Release|Any CPU.Build.0 = Release|Any CPU
		{B68E47E0-8DC7-4E4F-AFAC-8066BA456546}.Release|x64.ActiveCfg = Release|Any CPU
		{B68E47E0-8DC7-4E4F-AFAC-8066BA456546}.Release|x64.Build.0 = Release|Any CPU
		{B68E47E0-8DC7-4E4F-AFAC-8066BA456546}.Release|x86.ActiveCfg = Release|Any CPU
		{B68E47E0-8DC7-4E4F-AFAC-8066BA456546}.Release|x86.Build.0 = Release|Any CPU
		{3CC7C103-C156-4F87-839B-144055A6F5EC}.Debug|Any CPU.ActiveCfg = Debug|Any CPU
		{3CC7C103-C156-4F87-839B-144055A6F5EC}.Debug|Any CPU.Build.0 = Debug|Any CPU
		{3CC7C103-C156-4F87-839B-144055A6F5EC}.Debug|x64.ActiveCfg = Debug|Any CPU
		{3CC7C103-C156-4F87-839B-144055A6F5EC}.Debug|x64.Build.0 = Debug|Any CPU
		{3CC7C103-C156-4F87-839B-144055A6F5EC}.Debug|x86.ActiveCfg = Debug|Any CPU
		{3CC7C103-C156-4F87-839B-144055A6F5EC}.Debug|x86.Build.0 = Debug|Any CPU
		{3CC7C103-C156-4F87-839B-144055A6F5EC}.Release|Any CPU.ActiveCfg = Release|Any CPU
		{3CC7C103-C156-4F87-839B-144055A6F5EC}.Release|Any CPU.Build.0 = Release|Any CPU
		{3CC7C103-C156-4F87-839B-144055A6F5EC}.Release|x64.ActiveCfg = Release|Any CPU
		{3CC7C103-C156-4F87-839B-144055A6F5EC}.Release|x64.Build.0 = Release|Any CPU
		{3CC7C103-C156-4F87-839B-144055A6F5EC}.Release|x86.ActiveCfg = Release|Any CPU
		{3CC7C103-C156-4F87-839B-144055A6F5EC}.Release|x86.Build.0 = Release|Any CPU
		{68E8DC4B-9320-4424-B622-5DB802901794}.Debug|Any CPU.ActiveCfg = Debug|Any CPU
		{68E8DC4B-9320-4424-B622-5DB802901794}.Debug|Any CPU.Build.0 = Debug|Any CPU
		{68E8DC4B-9320-4424-B622-5DB802901794}.Debug|x64.ActiveCfg = Debug|Any CPU
		{68E8DC4B-9320-4424-B622-5DB802901794}.Debug|x64.Build.0 = Debug|Any CPU
		{68E8DC4B-9320-4424-B622-5DB802901794}.Debug|x86.ActiveCfg = Debug|Any CPU
		{68E8DC4B-9320-4424-B622-5DB802901794}.Debug|x86.Build.0 = Debug|Any CPU
		{68E8DC4B-9320-4424-B622-5DB802901794}.Release|Any CPU.ActiveCfg = Release|Any CPU
		{68E8DC4B-9320-4424-B622-5DB802901794}.Release|Any CPU.Build.0 = Release|Any CPU
		{68E8DC4B-9320-4424-B622-5DB802901794}.Release|x64.ActiveCfg = Release|Any CPU
		{68E8DC4B-9320-4424-B622-5DB802901794}.Release|x64.Build.0 = Release|Any CPU
		{68E8DC4B-9320-4424-B622-5DB802901794}.Release|x86.ActiveCfg = Release|Any CPU
		{68E8DC4B-9320-4424-B622-5DB802901794}.Release|x86.Build.0 = Release|Any CPU
		{3CB79E1F-0C50-47ED-8A56-086153478898}.Debug|Any CPU.ActiveCfg = Debug|Any CPU
		{3CB79E1F-0C50-47ED-8A56-086153478898}.Debug|Any CPU.Build.0 = Debug|Any CPU
		{3CB79E1F-0C50-47ED-8A56-086153478898}.Debug|x64.ActiveCfg = Debug|Any CPU
		{3CB79E1F-0C50-47ED-8A56-086153478898}.Debug|x64.Build.0 = Debug|Any CPU
		{3CB79E1F-0C50-47ED-8A56-086153478898}.Debug|x86.ActiveCfg = Debug|Any CPU
		{3CB79E1F-0C50-47ED-8A56-086153478898}.Debug|x86.Build.0 = Debug|Any CPU
		{3CB79E1F-0C50-47ED-8A56-086153478898}.Release|Any CPU.ActiveCfg = Release|Any CPU
		{3CB79E1F-0C50-47ED-8A56-086153478898}.Release|Any CPU.Build.0 = Release|Any CPU
		{3CB79E1F-0C50-47ED-8A56-086153478898}.Release|x64.ActiveCfg = Release|Any CPU
		{3CB79E1F-0C50-47ED-8A56-086153478898}.Release|x64.Build.0 = Release|Any CPU
		{3CB79E1F-0C50-47ED-8A56-086153478898}.Release|x86.ActiveCfg = Release|Any CPU
		{3CB79E1F-0C50-47ED-8A56-086153478898}.Release|x86.Build.0 = Release|Any CPU
		{CD57081B-1248-44DE-8188-872FBC9C8783}.Debug|Any CPU.ActiveCfg = Debug|Any CPU
		{CD57081B-1248-44DE-8188-872FBC9C8783}.Debug|Any CPU.Build.0 = Debug|Any CPU
		{CD57081B-1248-44DE-8188-872FBC9C8783}.Debug|x64.ActiveCfg = Debug|Any CPU
		{CD57081B-1248-44DE-8188-872FBC9C8783}.Debug|x64.Build.0 = Debug|Any CPU
		{CD57081B-1248-44DE-8188-872FBC9C8783}.Debug|x86.ActiveCfg = Debug|Any CPU
		{CD57081B-1248-44DE-8188-872FBC9C8783}.Debug|x86.Build.0 = Debug|Any CPU
		{CD57081B-1248-44DE-8188-872FBC9C8783}.Release|Any CPU.ActiveCfg = Release|Any CPU
		{CD57081B-1248-44DE-8188-872FBC9C8783}.Release|Any CPU.Build.0 = Release|Any CPU
		{CD57081B-1248-44DE-8188-872FBC9C8783}.Release|x64.ActiveCfg = Release|Any CPU
		{CD57081B-1248-44DE-8188-872FBC9C8783}.Release|x64.Build.0 = Release|Any CPU
		{CD57081B-1248-44DE-8188-872FBC9C8783}.Release|x86.ActiveCfg = Release|Any CPU
		{CD57081B-1248-44DE-8188-872FBC9C8783}.Release|x86.Build.0 = Release|Any CPU
		{CCC8D1BF-C9B1-43B4-88C2-9A25F6D7721A}.Debug|Any CPU.ActiveCfg = Debug|Any CPU
		{CCC8D1BF-C9B1-43B4-88C2-9A25F6D7721A}.Debug|Any CPU.Build.0 = Debug|Any CPU
		{CCC8D1BF-C9B1-43B4-88C2-9A25F6D7721A}.Debug|x64.ActiveCfg = Debug|Any CPU
		{CCC8D1BF-C9B1-43B4-88C2-9A25F6D7721A}.Debug|x64.Build.0 = Debug|Any CPU
		{CCC8D1BF-C9B1-43B4-88C2-9A25F6D7721A}.Debug|x86.ActiveCfg = Debug|Any CPU
		{CCC8D1BF-C9B1-43B4-88C2-9A25F6D7721A}.Debug|x86.Build.0 = Debug|Any CPU
		{CCC8D1BF-C9B1-43B4-88C2-9A25F6D7721A}.Release|Any CPU.ActiveCfg = Release|Any CPU
		{CCC8D1BF-C9B1-43B4-88C2-9A25F6D7721A}.Release|Any CPU.Build.0 = Release|Any CPU
		{CCC8D1BF-C9B1-43B4-88C2-9A25F6D7721A}.Release|x64.ActiveCfg = Release|Any CPU
		{CCC8D1BF-C9B1-43B4-88C2-9A25F6D7721A}.Release|x64.Build.0 = Release|Any CPU
		{CCC8D1BF-C9B1-43B4-88C2-9A25F6D7721A}.Release|x86.ActiveCfg = Release|Any CPU
		{CCC8D1BF-C9B1-43B4-88C2-9A25F6D7721A}.Release|x86.Build.0 = Release|Any CPU
		{CBA7F6E9-3BE9-4FD9-BF6F-E78664A1D60D}.Debug|Any CPU.ActiveCfg = Debug|Any CPU
		{CBA7F6E9-3BE9-4FD9-BF6F-E78664A1D60D}.Debug|Any CPU.Build.0 = Debug|Any CPU
		{CBA7F6E9-3BE9-4FD9-BF6F-E78664A1D60D}.Debug|x64.ActiveCfg = Debug|Any CPU
		{CBA7F6E9-3BE9-4FD9-BF6F-E78664A1D60D}.Debug|x64.Build.0 = Debug|Any CPU
		{CBA7F6E9-3BE9-4FD9-BF6F-E78664A1D60D}.Debug|x86.ActiveCfg = Debug|Any CPU
		{CBA7F6E9-3BE9-4FD9-BF6F-E78664A1D60D}.Debug|x86.Build.0 = Debug|Any CPU
		{CBA7F6E9-3BE9-4FD9-BF6F-E78664A1D60D}.Release|Any CPU.ActiveCfg = Release|Any CPU
		{CBA7F6E9-3BE9-4FD9-BF6F-E78664A1D60D}.Release|Any CPU.Build.0 = Release|Any CPU
		{CBA7F6E9-3BE9-4FD9-BF6F-E78664A1D60D}.Release|x64.ActiveCfg = Release|Any CPU
		{CBA7F6E9-3BE9-4FD9-BF6F-E78664A1D60D}.Release|x64.Build.0 = Release|Any CPU
		{CBA7F6E9-3BE9-4FD9-BF6F-E78664A1D60D}.Release|x86.ActiveCfg = Release|Any CPU
		{CBA7F6E9-3BE9-4FD9-BF6F-E78664A1D60D}.Release|x86.Build.0 = Release|Any CPU
		{60C3998C-E54F-4F86-8C8A-B507B0B00C8A}.Debug|Any CPU.ActiveCfg = Debug|Any CPU
		{60C3998C-E54F-4F86-8C8A-B507B0B00C8A}.Debug|Any CPU.Build.0 = Debug|Any CPU
		{60C3998C-E54F-4F86-8C8A-B507B0B00C8A}.Debug|x64.ActiveCfg = Debug|Any CPU
		{60C3998C-E54F-4F86-8C8A-B507B0B00C8A}.Debug|x64.Build.0 = Debug|Any CPU
		{60C3998C-E54F-4F86-8C8A-B507B0B00C8A}.Debug|x86.ActiveCfg = Debug|Any CPU
		{60C3998C-E54F-4F86-8C8A-B507B0B00C8A}.Debug|x86.Build.0 = Debug|Any CPU
		{60C3998C-E54F-4F86-8C8A-B507B0B00C8A}.Release|Any CPU.ActiveCfg = Release|Any CPU
		{60C3998C-E54F-4F86-8C8A-B507B0B00C8A}.Release|Any CPU.Build.0 = Release|Any CPU
		{60C3998C-E54F-4F86-8C8A-B507B0B00C8A}.Release|x64.ActiveCfg = Release|Any CPU
		{60C3998C-E54F-4F86-8C8A-B507B0B00C8A}.Release|x64.Build.0 = Release|Any CPU
		{60C3998C-E54F-4F86-8C8A-B507B0B00C8A}.Release|x86.ActiveCfg = Release|Any CPU
		{60C3998C-E54F-4F86-8C8A-B507B0B00C8A}.Release|x86.Build.0 = Release|Any CPU
		{68AACD48-412E-4548-9731-7FEFAAE5BE92}.Debug|Any CPU.ActiveCfg = Debug|Any CPU
		{68AACD48-412E-4548-9731-7FEFAAE5BE92}.Debug|Any CPU.Build.0 = Debug|Any CPU
		{68AACD48-412E-4548-9731-7FEFAAE5BE92}.Debug|x64.ActiveCfg = Debug|Any CPU
		{68AACD48-412E-4548-9731-7FEFAAE5BE92}.Debug|x64.Build.0 = Debug|Any CPU
		{68AACD48-412E-4548-9731-7FEFAAE5BE92}.Debug|x86.ActiveCfg = Debug|Any CPU
		{68AACD48-412E-4548-9731-7FEFAAE5BE92}.Debug|x86.Build.0 = Debug|Any CPU
		{68AACD48-412E-4548-9731-7FEFAAE5BE92}.Release|Any CPU.ActiveCfg = Release|Any CPU
		{68AACD48-412E-4548-9731-7FEFAAE5BE92}.Release|Any CPU.Build.0 = Release|Any CPU
		{68AACD48-412E-4548-9731-7FEFAAE5BE92}.Release|x64.ActiveCfg = Release|Any CPU
		{68AACD48-412E-4548-9731-7FEFAAE5BE92}.Release|x64.Build.0 = Release|Any CPU
		{68AACD48-412E-4548-9731-7FEFAAE5BE92}.Release|x86.ActiveCfg = Release|Any CPU
		{68AACD48-412E-4548-9731-7FEFAAE5BE92}.Release|x86.Build.0 = Release|Any CPU
	EndGlobalSection
	GlobalSection(SolutionProperties) = preSolution
		HideSolutionNode = FALSE
	EndGlobalSection
	GlobalSection(NestedProjects) = preSolution
		{E9E2A906-E840-4124-B2D6-1963BFE085AC} = {827E0CD3-B72D-47B6-A68D-7590B98EB39B}
		{D08175FE-2AF8-4655-A94B-65F2B0A02E3A} = {827E0CD3-B72D-47B6-A68D-7590B98EB39B}
		{721AE4DB-00E0-4387-AFDB-E68BCE7A07DA} = {827E0CD3-B72D-47B6-A68D-7590B98EB39B}
		{7FC05B00-59E2-4E7A-A926-EFF91BF671E5} = {827E0CD3-B72D-47B6-A68D-7590B98EB39B}
		{D9C51C6F-0986-4E16-81B6-F7EE7C362421} = {827E0CD3-B72D-47B6-A68D-7590B98EB39B}
		{F9A245A4-AEE0-4E95-90E9-69F9702FFFFF} = {827E0CD3-B72D-47B6-A68D-7590B98EB39B}
		{6959D7A4-FEC2-4CE8-B059-8A12E0D698B7} = {827E0CD3-B72D-47B6-A68D-7590B98EB39B}
		{EF682A79-2202-4B42-B9DC-11A3F12815F8} = {0C88DD14-F956-CE84-757C-A364CCF449FC}
		{347652CA-8603-42E6-96B5-A36F87A085C3} = {0C88DD14-F956-CE84-757C-A364CCF449FC}
		{7A2B4285-F020-442F-BD27-F89193A9B970} = {0C88DD14-F956-CE84-757C-A364CCF449FC}
		{4860D70A-B8AE-4B43-800B-80DB723E0655} = {0C88DD14-F956-CE84-757C-A364CCF449FC}
		{64DF54A6-2614-4E17-9F41-037B5C3EFB75} = {0C88DD14-F956-CE84-757C-A364CCF449FC}
		{80BC5343-682A-4341-8FDF-E0DCFFB95DBC} = {0C88DD14-F956-CE84-757C-A364CCF449FC}
		{33658156-C00B-498B-9A4B-A5E97329D5EB} = {5D20AA90-6969-D8BD-9DCD-8634F4692FDA}
		{EC53977D-DA1C-4164-820A-26840F370077} = {5D20AA90-6969-D8BD-9DCD-8634F4692FDA}
		{0E8B1AA8-028F-42B3-A160-8353AE947E30} = {5D20AA90-6969-D8BD-9DCD-8634F4692FDA}
		{696C4C17-4994-41B4-9C41-1F78E6F1E50E} = {5D20AA90-6969-D8BD-9DCD-8634F4692FDA}
		{B68E47E0-8DC7-4E4F-AFAC-8066BA456546} = {5D20AA90-6969-D8BD-9DCD-8634F4692FDA}
		{3CC7C103-C156-4F87-839B-144055A6F5EC} = {5D20AA90-6969-D8BD-9DCD-8634F4692FDA}
		{7C4E2A18-6B5D-4F0A-9E11-2D8F0B6C4A91} = {5D20AA90-6969-D8BD-9DCD-8634F4692FDA}
		{68E8DC4B-9320-4424-B622-5DB802901794} = {7C4E2A18-6B5D-4F0A-9E11-2D8F0B6C4A91}
		{3CB79E1F-0C50-47ED-8A56-086153478898} = {7C4E2A18-6B5D-4F0A-9E11-2D8F0B6C4A91}
		{CD57081B-1248-44DE-8188-872FBC9C8783} = {7C4E2A18-6B5D-4F0A-9E11-2D8F0B6C4A91}
		{CCC8D1BF-C9B1-43B4-88C2-9A25F6D7721A} = {7C4E2A18-6B5D-4F0A-9E11-2D8F0B6C4A91}
		{CBA7F6E9-3BE9-4FD9-BF6F-E78664A1D60D} = {827E0CD3-B72D-47B6-A68D-7590B98EB39B}
		{60C3998C-E54F-4F86-8C8A-B507B0B00C8A} = {0C88DD14-F956-CE84-757C-A364CCF449FC}
		{68AACD48-412E-4548-9731-7FEFAAE5BE92} = {5D20AA90-6969-D8BD-9DCD-8634F4692FDA}
	EndGlobalSection
EndGlobal
